
Microsoft Visual Studio Solution File, Format Version 12.00
# Visual Studio 15
VisualStudioVersion = 15.0.26730.15
MinimumVisualStudioVersion = 10.0.40219.1
Project("{FAE04EC0-301F-11D3-BF4B-00C04F79EFBC}") = "P01-Debit Card Number", "P01-Debit Card Number\P01-Debit Card Number.csproj", "{15F59689-94B7-41B8-88FF-B58A3E74A6D5}"
EndProject
Project("{FAE04EC0-301F-11D3-BF4B-00C04F79EFBC}") = "P02-Rectangle Area", "P02-Rectangle Area\P02-Rectangle Area.csproj", "{BA297B94-741D-44BD-8258-F3DB3F5E0B66}"
EndProject
Project("{FAE04EC0-301F-11D3-BF4B-00C04F79EFBC}") = "P03-Miles to Kilometers", "P03-Miles to Kilometers\P03-Miles to Kilometers.csproj", "{69868522-15A1-4E7D-ACA4-204370489B79}"
EndProject
Project("{FAE04EC0-301F-11D3-BF4B-00C04F79EFBC}") = "P04-Beverage Labels", "P04-Beverage Labels\P04-Beverage Labels.csproj", "{D83F4857-E118-4973-B68A-58E1DD9F8EC9}"
EndProject
Project("{FAE04EC0-301F-11D3-BF4B-00C04F79EFBC}") = "P05-Character Stats", "P05-Character Stats\P05-Character Stats.csproj", "{99DE8898-9823-429F-842D-6A6EA82B6B55}"
EndProject
Global
	GlobalSection(SolutionConfigurationPlatforms) = preSolution
		Debug|Any CPU = Debug|Any CPU
		Release|Any CPU = Release|Any CPU
	EndGlobalSection
	GlobalSection(ProjectConfigurationPlatforms) = postSolution
		{15F59689-94B7-41B8-88FF-B58A3E74A6D5}.Debug|Any CPU.ActiveCfg = Debug|Any CPU
		{15F59689-94B7-41B8-88FF-B58A3E74A6D5}.Debug|Any CPU.Build.0 = Debug|Any CPU
		{15F59689-94B7-41B8-88FF-B58A3E74A6D5}.Release|Any CPU.ActiveCfg = Release|Any CPU
		{15F59689-94B7-41B8-88FF-B58A3E74A6D5}.Release|Any CPU.Build.0 = Release|Any CPU
		{BA297B94-741D-44BD-8258-F3DB3F5E0B66}.Debug|Any CPU.ActiveCfg = Debug|Any CPU
		{BA297B94-741D-44BD-8258-F3DB3F5E0B66}.Debug|Any CPU.Build.0 = Debug|Any CPU
		{BA297B94-741D-44BD-8258-F3DB3F5E0B66}.Release|Any CPU.ActiveCfg = Release|Any CPU
		{BA297B94-741D-44BD-8258-F3DB3F5E0B66}.Release|Any CPU.Build.0 = Release|Any CPU
		{69868522-15A1-4E7D-ACA4-204370489B79}.Debug|Any CPU.ActiveCfg = Debug|Any CPU
		{69868522-15A1-4E7D-ACA4-204370489B79}.Debug|Any CPU.Build.0 = Debug|Any CPU
		{69868522-15A1-4E7D-ACA4-204370489B79}.Release|Any CPU.ActiveCfg = Release|Any CPU
		{69868522-15A1-4E7D-ACA4-204370489B79}.Release|Any CPU.Build.0 = Release|Any CPU
		{D83F4857-E118-4973-B68A-58E1DD9F8EC9}.Debug|Any CPU.ActiveCfg = Debug|Any CPU
		{D83F4857-E118-4973-B68A-58E1DD9F8EC9}.Debug|Any CPU.Build.0 = Debug|Any CPU
		{D83F4857-E118-4973-B68A-58E1DD9F8EC9}.Release|Any CPU.ActiveCfg = Release|Any CPU
		{D83F4857-E118-4973-B68A-58E1DD9F8EC9}.Release|Any CPU.Build.0 = Release|Any CPU
		{99DE8898-9823-429F-842D-6A6EA82B6B55}.Debug|Any CPU.ActiveCfg = Debug|Any CPU
		{99DE8898-9823-429F-842D-6A6EA82B6B55}.Debug|Any CPU.Build.0 = Debug|Any CPU
		{99DE8898-9823-429F-842D-6A6EA82B6B55}.Release|Any CPU.ActiveCfg = Release|Any CPU
		{99DE8898-9823-429F-842D-6A6EA82B6B55}.Release|Any CPU.Build.0 = Release|Any CPU
	EndGlobalSection
	GlobalSection(SolutionProperties) = preSolution
		HideSolutionNode = FALSE
	EndGlobalSection
	GlobalSection(ExtensibilityGlobals) = postSolution
		SolutionGuid = {59E2D8D9-706B-4F8E-BB44-E4D6432FF0BE}
	EndGlobalSection
EndGlobal
