
Microsoft Visual Studio Solution File, Format Version 12.00
# Visual Studio 15
VisualStudioVersion = 15.0.26730.15
MinimumVisualStudioVersion = 10.0.40219.1
Project("{FAE04EC0-301F-11D3-BF4B-00C04F79EFBC}") = "02. Odd Occurrences", "02. Odd Occurrences\02. Odd Occurrences.csproj", "{106AE10C-8CCC-4419-9A21-56ABE093350F}"
EndProject
Project("{FAE04EC0-301F-11D3-BF4B-00C04F79EFBC}") = "01. Count Real Numbers", "01. Count Real Numbers\01. Count Real Numbers.csproj", "{B4A86F8D-84E1-4984-89CD-CCE591BAC9F1}"
EndProject
Project("{FAE04EC0-301F-11D3-BF4B-00C04F79EFBC}") = "03. Min, Max, Sum, Average", "03. Min, Max, Sum, Average\03. Min, Max, Sum, Average.csproj", "{3A107143-8DA3-4CFC-B4D1-761B1863B126}"
EndProject
Project("{FAE04EC0-301F-11D3-BF4B-00C04F79EFBC}") = "04. Largest 3 Numbers", "04. Largest 3 Numbers\04. Largest 3 Numbers.csproj", "{B4E5A0AA-D311-4E7B-9C2F-8777A142E61A}"
EndProject
Project("{FAE04EC0-301F-11D3-BF4B-00C04F79EFBC}") = "05. Short Words Sorted", "05. Short Words Sorted\05. Short Words Sorted.csproj", "{E7A3EC66-0D0B-4E96-8366-C2F8E42F6501}"
EndProject
Project("{FAE04EC0-301F-11D3-BF4B-00C04F79EFBC}") = "06. Fold and Sum", "06. Fold and Sum\06. Fold and Sum.csproj", "{49B15DC6-3A43-4E2A-AC36-30631E07BD0D}"
EndProject
Global
	GlobalSection(SolutionConfigurationPlatforms) = preSolution
		Debug|Any CPU = Debug|Any CPU
		Release|Any CPU = Release|Any CPU
	EndGlobalSection
	GlobalSection(ProjectConfigurationPlatforms) = postSolution
		{106AE10C-8CCC-4419-9A21-56ABE093350F}.Debug|Any CPU.ActiveCfg = Debug|Any CPU
		{106AE10C-8CCC-4419-9A21-56ABE093350F}.Debug|Any CPU.Build.0 = Debug|Any CPU
		{106AE10C-8CCC-4419-9A21-56ABE093350F}.Release|Any CPU.ActiveCfg = Release|Any CPU
		{106AE10C-8CCC-4419-9A21-56ABE093350F}.Release|Any CPU.Build.0 = Release|Any CPU
		{B4A86F8D-84E1-4984-89CD-CCE591BAC9F1}.Debug|Any CPU.ActiveCfg = Debug|Any CPU
		{B4A86F8D-84E1-4984-89CD-CCE591BAC9F1}.Debug|Any CPU.Build.0 = Debug|Any CPU
		{B4A86F8D-84E1-4984-89CD-CCE591BAC9F1}.Release|Any CPU.ActiveCfg = Release|Any CPU
		{B4A86F8D-84E1-4984-89CD-CCE591BAC9F1}.Release|Any CPU.Build.0 = Release|Any CPU
		{3A107143-8DA3-4CFC-B4D1-761B1863B126}.Debug|Any CPU.ActiveCfg = Debug|Any CPU
		{3A107143-8DA3-4CFC-B4D1-761B1863B126}.Debug|Any CPU.Build.0 = Debug|Any CPU
		{3A107143-8DA3-4CFC-B4D1-761B1863B126}.Release|Any CPU.ActiveCfg = Release|Any CPU
		{3A107143-8DA3-4CFC-B4D1-761B1863B126}.Release|Any CPU.Build.0 = Release|Any CPU
		{B4E5A0AA-D311-4E7B-9C2F-8777A142E61A}.Debug|Any CPU.ActiveCfg = Debug|Any CPU
		{B4E5A0AA-D311-4E7B-9C2F-8777A142E61A}.Debug|Any CPU.Build.0 = Debug|Any CPU
		{B4E5A0AA-D311-4E7B-9C2F-8777A142E61A}.Release|Any CPU.ActiveCfg = Release|Any CPU
		{B4E5A0AA-D311-4E7B-9C2F-8777A142E61A}.Release|Any CPU.Build.0 = Release|Any CPU
		{E7A3EC66-0D0B-4E96-8366-C2F8E42F6501}.Debug|Any CPU.ActiveCfg = Debug|Any CPU
		{E7A3EC66-0D0B-4E96-8366-C2F8E42F6501}.Debug|Any CPU.Build.0 = Debug|Any CPU
		{E7A3EC66-0D0B-4E96-8366-C2F8E42F6501}.Release|Any CPU.ActiveCfg = Release|Any CPU
		{E7A3EC66-0D0B-4E96-8366-C2F8E42F6501}.Release|Any CPU.Build.0 = Release|Any CPU
		{49B15DC6-3A43-4E2A-AC36-30631E07BD0D}.Debug|Any CPU.ActiveCfg = Debug|Any CPU
		{49B15DC6-3A43-4E2A-AC36-30631E07BD0D}.Debug|Any CPU.Build.0 = Debug|Any CPU
		{49B15DC6-3A43-4E2A-AC36-30631E07BD0D}.Release|Any CPU.ActiveCfg = Release|Any CPU
		{49B15DC6-3A43-4E2A-AC36-30631E07BD0D}.Release|Any CPU.Build.0 = Release|Any CPU
	EndGlobalSection
	GlobalSection(SolutionProperties) = preSolution
		HideSolutionNode = FALSE
	EndGlobalSection
	GlobalSection(ExtensibilityGlobals) = postSolution
		SolutionGuid = {5AF82ECB-A5FE-48D3-8441-B65AA24EE69F}
	EndGlobalSection
EndGlobal
